
Microsoft Visual Studio Solution File, Format Version 12.00
Project("{FAE04EC0-301F-11D3-BF4B-00C04F79EFBC}") = "Juke.Orm", "Juke.Orm\Juke.Orm.csproj", "{AD924180-47D1-41DC-8129-3333ACA8845D}"
EndProject
Project("{FAE04EC0-301F-11D3-BF4B-00C04F79EFBC}") = "Juke.Tests", "Juke.Tests\Juke.Tests.csproj", "{96B99E34-2A72-4C91-B9E1-5BAB2E3CC9CA}"
EndProject
Project("{FAE04EC0-301F-11D3-BF4B-00C04F79EFBC}") = "Juke.Orm.Sqlite", "Juke.Orm.Sqlite\Juke.Orm.Sqlite.csproj", "{5F880ED9-2CB8-4562-AC24-5D854FBA662C}"
EndProject
Project("{2150E333-8FDC-42A3-9474-1A3956D46DE8}") = "Orm", "Orm", "{5F849C6E-8EBE-4B5E-9684-93C80C2F3523}"
EndProject
Project("{2150E333-8FDC-42A3-9474-1A3956D46DE8}") = "Web", "Web", "{B207BC17-D87F-4BF3-92EC-5D1911A01C2C}"
EndProject

Project("{2150E333-8FDC-42A3-9474-1A3956D46DE8}") = "Erp", "Erp", "{E82C3701-6276-49F8-BA07-1E318A0846A9}"
EndProject
Project("{FAE04EC0-301F-11D3-BF4B-00C04F79EFBC}") = "Juke.Web.Core", "Juke.Web.Core\Juke.Web.Core.csproj", "{0786AFC1-B90A-4472-943E-D156EAF8A331}"
EndProject
Project("{FAE04EC0-301F-11D3-BF4B-00C04F79EFBC}") = "Juke.Web.Components", "Juke.Web.Components\Juke.Web.Components.csproj", "{9EE9D4F1-39F2-4274-A166-5680AD061367}"
EndProject
Project("{FAE04EC0-301F-11D3-BF4B-00C04F79EFBC}") = "Juke.Erp.Modules.Sales", "Erp\Juke.Erp.Modules.Sales\Juke.Erp.Modules.Sales.csproj", "{1BF1DF34-8AD8-46B3-9601-D21CB4A04C9D}"
EndProject
Project("{FAE04EC0-301F-11D3-BF4B-00C04F79EFBC}") = "Juke.Erp.WebHost", "Erp\Juke.Erp.WebHost\Juke.Erp.WebHost.csproj", "{FA46BCBF-690E-4E9D-9F4B-F0334BA2E867}"
EndProject
Project("{FAE04EC0-301F-11D3-BF4B-00C04F79EFBC}") = "Juke.Web.AspNetCore", "Juke.Web.AspNetCore\Juke.Web.AspNetCore.csproj", "{87D9F495-1E1E-4E65-9BA7-CB4974E2E023}"
EndProject
Project("{FAE04EC0-301F-11D3-BF4B-00C04F79EFBC}") = "Juke.Web.Tests", "Juke.Web.Tests\Juke.Web.Tests.csproj", "{6ABAD27A-1DC7-44D5-B11A-C2949362E6D8}"
EndProject
Project("{FAE04EC0-301F-11D3-BF4B-00C04F79EFBC}") = "Juke.Web.Fluid", "Juke.Web.Fluid\Juke.Web.Fluid.csproj", "{82310E1A-BF86-4AA5-80F6-934C8C48EC57}"
EndProject
Global
	GlobalSection(SolutionConfigurationPlatforms) = preSolution
		Debug|Any CPU = Debug|Any CPU
		Release|Any CPU = Release|Any CPU
	EndGlobalSection
	GlobalSection(ProjectConfigurationPlatforms) = postSolution
		{AD924180-47D1-41DC-8129-3333ACA8845D}.Debug|Any CPU.ActiveCfg = Debug|Any CPU
		{AD924180-47D1-41DC-8129-3333ACA8845D}.Debug|Any CPU.Build.0 = Debug|Any CPU
		{AD924180-47D1-41DC-8129-3333ACA8845D}.Release|Any CPU.ActiveCfg = Release|Any CPU
		{AD924180-47D1-41DC-8129-3333ACA8845D}.Release|Any CPU.Build.0 = Release|Any CPU
		{96B99E34-2A72-4C91-B9E1-5BAB2E3CC9CA}.Debug|Any CPU.ActiveCfg = Debug|Any CPU
		{96B99E34-2A72-4C91-B9E1-5BAB2E3CC9CA}.Debug|Any CPU.Build.0 = Debug|Any CPU
		{96B99E34-2A72-4C91-B9E1-5BAB2E3CC9CA}.Release|Any CPU.ActiveCfg = Release|Any CPU
		{96B99E34-2A72-4C91-B9E1-5BAB2E3CC9CA}.Release|Any CPU.Build.0 = Release|Any CPU
		{5F880ED9-2CB8-4562-AC24-5D854FBA662C}.Debug|Any CPU.ActiveCfg = Debug|Any CPU
		{5F880ED9-2CB8-4562-AC24-5D854FBA662C}.Debug|Any CPU.Build.0 = Debug|Any CPU
		{5F880ED9-2CB8-4562-AC24-5D854FBA662C}.Release|Any CPU.ActiveCfg = Release|Any CPU
		{5F880ED9-2CB8-4562-AC24-5D854FBA662C}.Release|Any CPU.Build.0 = Release|Any CPU
		{FA46BCBF-690E-4E9D-9F4B-F0334BA2E867}.Debug|Any CPU.ActiveCfg = Debug|Any CPU
		{FA46BCBF-690E-4E9D-9F4B-F0334BA2E867}.Debug|Any CPU.Build.0 = Debug|Any CPU
		{FA46BCBF-690E-4E9D-9F4B-F0334BA2E867}.Release|Any CPU.ActiveCfg = Release|Any CPU
		{FA46BCBF-690E-4E9D-9F4B-F0334BA2E867}.Release|Any CPU.Build.0 = Release|Any CPU
		{0786AFC1-B90A-4472-943E-D156EAF8A331}.Debug|Any CPU.ActiveCfg = Debug|Any CPU
		{0786AFC1-B90A-4472-943E-D156EAF8A331}.Debug|Any CPU.Build.0 = Debug|Any CPU
		{0786AFC1-B90A-4472-943E-D156EAF8A331}.Release|Any CPU.ActiveCfg = Release|Any CPU
		{0786AFC1-B90A-4472-943E-D156EAF8A331}.Release|Any CPU.Build.0 = Release|Any CPU
		{9EE9D4F1-39F2-4274-A166-5680AD061367}.Debug|Any CPU.ActiveCfg = Debug|Any CPU
		{9EE9D4F1-39F2-4274-A166-5680AD061367}.Debug|Any CPU.Build.0 = Debug|Any CPU
		{9EE9D4F1-39F2-4274-A166-5680AD061367}.Release|Any CPU.ActiveCfg = Release|Any CPU
		{9EE9D4F1-39F2-4274-A166-5680AD061367}.Release|Any CPU.Build.0 = Release|Any CPU
		{1BF1DF34-8AD8-46B3-9601-D21CB4A04C9D}.Debug|Any CPU.ActiveCfg = Debug|Any CPU
		{1BF1DF34-8AD8-46B3-9601-D21CB4A04C9D}.Debug|Any CPU.Build.0 = Debug|Any CPU
		{1BF1DF34-8AD8-46B3-9601-D21CB4A04C9D}.Release|Any CPU.ActiveCfg = Release|Any CPU
		{1BF1DF34-8AD8-46B3-9601-D21CB4A04C9D}.Release|Any CPU.Build.0 = Release|Any CPU
		{87D9F495-1E1E-4E65-9BA7-CB4974E2E023}.Debug|Any CPU.ActiveCfg = Debug|Any CPU
		{87D9F495-1E1E-4E65-9BA7-CB4974E2E023}.Debug|Any CPU.Build.0 = Debug|Any CPU
		{87D9F495-1E1E-4E65-9BA7-CB4974E2E023}.Release|Any CPU.ActiveCfg = Release|Any CPU
		{87D9F495-1E1E-4E65-9BA7-CB4974E2E023}.Release|Any CPU.Build.0 = Release|Any CPU
		{6ABAD27A-1DC7-44D5-B11A-C2949362E6D8}.Debug|Any CPU.ActiveCfg = Debug|Any CPU
		{6ABAD27A-1DC7-44D5-B11A-C2949362E6D8}.Debug|Any CPU.Build.0 = Debug|Any CPU
		{6ABAD27A-1DC7-44D5-B11A-C2949362E6D8}.Release|Any CPU.ActiveCfg = Release|Any CPU
		{6ABAD27A-1DC7-44D5-B11A-C2949362E6D8}.Release|Any CPU.Build.0 = Release|Any CPU
		{82310E1A-BF86-4AA5-80F6-934C8C48EC57}.Debug|Any CPU.ActiveCfg = Debug|Any CPU
		{82310E1A-BF86-4AA5-80F6-934C8C48EC57}.Debug|Any CPU.Build.0 = Debug|Any CPU
		{82310E1A-BF86-4AA5-80F6-934C8C48EC57}.Release|Any CPU.ActiveCfg = Release|Any CPU
		{82310E1A-BF86-4AA5-80F6-934C8C48EC57}.Release|Any CPU.Build.0 = Release|Any CPU
	EndGlobalSection
	GlobalSection(NestedProjects) = preSolution
		{AD924180-47D1-41DC-8129-3333ACA8845D} = {5F849C6E-8EBE-4B5E-9684-93C80C2F3523}
		{5F880ED9-2CB8-4562-AC24-5D854FBA662C} = {5F849C6E-8EBE-4B5E-9684-93C80C2F3523}
		{FA46BCBF-690E-4E9D-9F4B-F0334BA2E867} = {E82C3701-6276-49F8-BA07-1E318A0846A9}
		{0786AFC1-B90A-4472-943E-D156EAF8A331} = {B207BC17-D87F-4BF3-92EC-5D1911A01C2C}
		{9EE9D4F1-39F2-4274-A166-5680AD061367} = {B207BC17-D87F-4BF3-92EC-5D1911A01C2C}
		{1BF1DF34-8AD8-46B3-9601-D21CB4A04C9D} = {E82C3701-6276-49F8-BA07-1E318A0846A9}
		{87D9F495-1E1E-4E65-9BA7-CB4974E2E023} = {B207BC17-D87F-4BF3-92EC-5D1911A01C2C}
		{6ABAD27A-1DC7-44D5-B11A-C2949362E6D8} = {B207BC17-D87F-4BF3-92EC-5D1911A01C2C}
		{82310E1A-BF86-4AA5-80F6-934C8C48EC57} = {B207BC17-D87F-4BF3-92EC-5D1911A01C2C}
	EndGlobalSection
EndGlobal
